
Microsoft Visual Studio Solution File, Format Version 12.00
# Visual Studio Version 17
VisualStudioVersion = 17.2.32526.322
MinimumVisualStudioVersion = 10.0.40219.1
Project("{FAE04EC0-301F-11D3-BF4B-00C04F79EFBC}") = "words more than 4 letters", "words more than 4 letters.csproj", "{FD44DD27-60B8-445A-8A38-0EED89271DA2}"
EndProject
Global
	GlobalSection(SolutionConfigurationPlatforms) = preSolution
		Debug|Any CPU = Debug|Any CPU
		Release|Any CPU = Release|Any CPU
	EndGlobalSection
	GlobalSection(ProjectConfigurationPlatforms) = postSolution
		{FD44DD27-60B8-445A-8A38-0EED89271DA2}.Debug|Any CPU.ActiveCfg = Debug|Any CPU
		{FD44DD27-60B8-445A-8A38-0EED89271DA2}.Debug|Any CPU.Build.0 = Debug|Any CPU
		{FD44DD27-60B8-445A-8A38-0EED89271DA2}.Release|Any CPU.ActiveCfg = Release|Any CPU
		{FD44DD27-60B8-445A-8A38-0EED89271DA2}.Release|Any CPU.Build.0 = Release|Any CPU
	EndGlobalSection
	GlobalSection(SolutionProperties) = preSolution
		HideSolutionNode = FALSE
	EndGlobalSection
	GlobalSection(ExtensibilityGlobals) = postSolution
		SolutionGuid = {9B3A061C-0B2E-462C-9CF8-624648C4F7BE}
	EndGlobalSection
EndGlobal
